
Microsoft Visual Studio Solution File, Format Version 12.00
# Visual Studio 15
VisualStudioVersion = 15.0.27004.2005
MinimumVisualStudioVersion = 10.0.40219.1
Project("{FAE04EC0-301F-11D3-BF4B-00C04F79EFBC}") = "UI", "UI\UI.csproj", "{3DA58DA2-2CD7-45BB-AED2-49C242EB4715}"
EndProject
Project("{FAE04EC0-301F-11D3-BF4B-00C04F79EFBC}") = "Caculator", "Caculator\Caculator.csproj", "{0E95F485-511A-49CB-8CF7-22BBD41ECAE0}"
EndProject
Global
	GlobalSection(SolutionConfigurationPlatforms) = preSolution
		Debug|Any CPU = Debug|Any CPU
		Release|Any CPU = Release|Any CPU
	EndGlobalSection
	GlobalSection(ProjectConfigurationPlatforms) = postSolution
		{3DA58DA2-2CD7-45BB-AED2-49C242EB4715}.Debug|Any CPU.ActiveCfg = Debug|Any CPU
		{3DA58DA2-2CD7-45BB-AED2-49C242EB4715}.Debug|Any CPU.Build.0 = Debug|Any CPU
		{3DA58DA2-2CD7-45BB-AED2-49C242EB4715}.Release|Any CPU.ActiveCfg = Release|Any CPU
		{3DA58DA2-2CD7-45BB-AED2-49C242EB4715}.Release|Any CPU.Build.0 = Release|Any CPU
		{0E95F485-511A-49CB-8CF7-22BBD41ECAE0}.Debug|Any CPU.ActiveCfg = Debug|Any CPU
		{0E95F485-511A-49CB-8CF7-22BBD41ECAE0}.Debug|Any CPU.Build.0 = Debug|Any CPU
		{0E95F485-511A-49CB-8CF7-22BBD41ECAE0}.Release|Any CPU.ActiveCfg = Release|Any CPU
		{0E95F485-511A-49CB-8CF7-22BBD41ECAE0}.Release|Any CPU.Build.0 = Release|Any CPU
	EndGlobalSection
	GlobalSection(SolutionProperties) = preSolution
		HideSolutionNode = FALSE
	EndGlobalSection
	GlobalSection(ExtensibilityGlobals) = postSolution
		SolutionGuid = {5F5305FC-BC01-4118-9CD6-59F0A9759785}
	EndGlobalSection
EndGlobal
